// !$*UTF8*$!
{
	archiveVersion = 1;
	classes = {
	};
	objectVersion = 51;
	objects = {

/* Begin PBXBuildFile section */
		BA2CEECD26C107ED0020900F /* Pods_INU_Notification.framework in Frameworks */ = {isa = PBXBuildFile; fileRef = F3106C90C74C76464D8366DD /* Pods_INU_Notification.framework */; };
		BA7AB26C26BFFEF000ABB823 /* APIRequest.swift in Sources */ = {isa = PBXBuildFile; fileRef = BA7AB26B26BFFEF000ABB823 /* APIRequest.swift */; };
		BA92C7C026B9539B001908BF /* Utils.swift in Sources */ = {isa = PBXBuildFile; fileRef = BA92C7BF26B9539B001908BF /* Utils.swift */; };
		BABF587D26B28EA500889C12 /* GoogleService-Info.plist in Resources */ = {isa = PBXBuildFile; fileRef = BABF587C26B28EA500889C12 /* GoogleService-Info.plist */; };
		BABF588526B29F4700889C12 /* Major.swift in Sources */ = {isa = PBXBuildFile; fileRef = BABF588426B29F4700889C12 /* Major.swift */; };
		BABF588726B29F5F00889C12 /* Extensions.swift in Sources */ = {isa = PBXBuildFile; fileRef = BABF588626B29F5F00889C12 /* Extensions.swift */; };
		BAF2ED4026B28D63009EE656 /* AppDelegate.swift in Sources */ = {isa = PBXBuildFile; fileRef = BAF2ED3F26B28D63009EE656 /* AppDelegate.swift */; };
		BAF2ED4226B28D63009EE656 /* SceneDelegate.swift in Sources */ = {isa = PBXBuildFile; fileRef = BAF2ED4126B28D63009EE656 /* SceneDelegate.swift */; };
		BAF2ED4426B28D63009EE656 /* MajorSelectViewController.swift in Sources */ = {isa = PBXBuildFile; fileRef = BAF2ED4326B28D63009EE656 /* MajorSelectViewController.swift */; };
		BAF2ED4726B28D63009EE656 /* Main.storyboard in Resources */ = {isa = PBXBuildFile; fileRef = BAF2ED4526B28D63009EE656 /* Main.storyboard */; };
		BAF2ED4926B28D64009EE656 /* Assets.xcassets in Resources */ = {isa = PBXBuildFile; fileRef = BAF2ED4826B28D64009EE656 /* Assets.xcassets */; };
		BAF2ED4C26B28D64009EE656 /* LaunchScreen.storyboard in Resources */ = {isa = PBXBuildFile; fileRef = BAF2ED4A26B28D64009EE656 /* LaunchScreen.storyboard */; };
		BAFD38FC26B7DBCF007DBBF6 /* KeywordViewController.swift in Sources */ = {isa = PBXBuildFile; fileRef = BAFD38FB26B7DBCF007DBBF6 /* KeywordViewController.swift */; };
/* End PBXBuildFile section */

/* Begin PBXFileReference section */
		090E095EBBD84AFF4A835089 /* Pods-INU_Notification.debug.xcconfig */ = {isa = PBXFileReference; includeInIndex = 1; lastKnownFileType = text.xcconfig; name = "Pods-INU_Notification.debug.xcconfig"; path = "Target Support Files/Pods-INU_Notification/Pods-INU_Notification.debug.xcconfig"; sourceTree = "<group>"; };
		BA7AB26B26BFFEF000ABB823 /* APIRequest.swift */ = {isa = PBXFileReference; lastKnownFileType = sourcecode.swift; path = APIRequest.swift; sourceTree = "<group>"; };
		BA92C7BF26B9539B001908BF /* Utils.swift */ = {isa = PBXFileReference; lastKnownFileType = sourcecode.swift; path = Utils.swift; sourceTree = "<group>"; };
		BABF587C26B28EA500889C12 /* GoogleService-Info.plist */ = {isa = PBXFileReference; fileEncoding = 4; lastKnownFileType = text.plist.xml; path = "GoogleService-Info.plist"; sourceTree = "<group>"; };
		BABF588426B29F4700889C12 /* Major.swift */ = {isa = PBXFileReference; lastKnownFileType = sourcecode.swift; path = Major.swift; sourceTree = "<group>"; };
		BABF588626B29F5F00889C12 /* Extensions.swift */ = {isa = PBXFileReference; lastKnownFileType = sourcecode.swift; path = Extensions.swift; sourceTree = "<group>"; };
		BAF2ED3C26B28D63009EE656 /* INU_Notification.app */ = {isa = PBXFileReference; explicitFileType = wrapper.application; includeInIndex = 0; path = INU_Notification.app; sourceTree = BUILT_PRODUCTS_DIR; };
		BAF2ED3F26B28D63009EE656 /* AppDelegate.swift */ = {isa = PBXFileReference; lastKnownFileType = sourcecode.swift; path = AppDelegate.swift; sourceTree = "<group>"; };
		BAF2ED4126B28D63009EE656 /* SceneDelegate.swift */ = {isa = PBXFileReference; lastKnownFileType = sourcecode.swift; path = SceneDelegate.swift; sourceTree = "<group>"; };
		BAF2ED4326B28D63009EE656 /* MajorSelectViewController.swift */ = {isa = PBXFileReference; lastKnownFileType = sourcecode.swift; path = MajorSelectViewController.swift; sourceTree = "<group>"; };
		BAF2ED4626B28D63009EE656 /* Base */ = {isa = PBXFileReference; lastKnownFileType = file.storyboard; name = Base; path = Base.lproj/Main.storyboard; sourceTree = "<group>"; };
		BAF2ED4826B28D64009EE656 /* Assets.xcassets */ = {isa = PBXFileReference; lastKnownFileType = folder.assetcatalog; path = Assets.xcassets; sourceTree = "<group>"; };
		BAF2ED4B26B28D64009EE656 /* Base */ = {isa = PBXFileReference; lastKnownFileType = file.storyboard; name = Base; path = Base.lproj/LaunchScreen.storyboard; sourceTree = "<group>"; };
		BAF2ED4D26B28D64009EE656 /* Info.plist */ = {isa = PBXFileReference; lastKnownFileType = text.plist.xml; path = Info.plist; sourceTree = "<group>"; };
		BAF2ED5326B28D6B009EE656 /* INU_Notification.entitlements */ = {isa = PBXFileReference; lastKnownFileType = text.plist.entitlements; path = INU_Notification.entitlements; sourceTree = "<group>"; };
		BAFD38FB26B7DBCF007DBBF6 /* KeywordViewController.swift */ = {isa = PBXFileReference; lastKnownFileType = sourcecode.swift; path = KeywordViewController.swift; sourceTree = "<group>"; };
		D9C590B9F3180BC4C5CAACA1 /* Pods-INU_Notification.release.xcconfig */ = {isa = PBXFileReference; includeInIndex = 1; lastKnownFileType = text.xcconfig; name = "Pods-INU_Notification.release.xcconfig"; path = "Target Support Files/Pods-INU_Notification/Pods-INU_Notification.release.xcconfig"; sourceTree = "<group>"; };
		F3106C90C74C76464D8366DD /* Pods_INU_Notification.framework */ = {isa = PBXFileReference; explicitFileType = wrapper.framework; includeInIndex = 0; path = Pods_INU_Notification.framework; sourceTree = BUILT_PRODUCTS_DIR; };
/* End PBXFileReference section */

/* Begin PBXFrameworksBuildPhase section */
		BAF2ED3926B28D63009EE656 /* Frameworks */ = {
			isa = PBXFrameworksBuildPhase;
			buildActionMask = 2147483647;
			files = (
				BA2CEECD26C107ED0020900F /* Pods_INU_Notification.framework in Frameworks */,
			);
			runOnlyForDeploymentPostprocessing = 0;
		};
/* End PBXFrameworksBuildPhase section */

/* Begin PBXGroup section */
		3712D3A58EC0D072014D3CFD /* Pods */ = {
			isa = PBXGroup;
			children = (
				090E095EBBD84AFF4A835089 /* Pods-INU_Notification.debug.xcconfig */,
				D9C590B9F3180BC4C5CAACA1 /* Pods-INU_Notification.release.xcconfig */,
			);
			path = Pods;
			sourceTree = "<group>";
		};
		672D8F38CD8F4DD2E61AB196 /* Frameworks */ = {
			isa = PBXGroup;
			children = (
				F3106C90C74C76464D8366DD /* Pods_INU_Notification.framework */,
			);
			name = Frameworks;
			sourceTree = "<group>";
		};
		BABF587E26B296AA00889C12 /* Source */ = {
			isa = PBXGroup;
			children = (
				BAF2ED4126B28D63009EE656 /* SceneDelegate.swift */,
				BAF2ED3F26B28D63009EE656 /* AppDelegate.swift */,
				BABF588126B296CA00889C12 /* ViewControllers */,
				BABF588026B296C200889C12 /* Extensions */,
			);
			path = Source;
			sourceTree = "<group>";
		};
		BABF587F26B296B300889C12 /* Resource */ = {
			isa = PBXGroup;
			children = (
				BABF588326B296EA00889C12 /* Storyboards */,
				BABF588226B296E400889C12 /* Assets */,
			);
			path = Resource;
			sourceTree = "<group>";
		};
		BABF588026B296C200889C12 /* Extensions */ = {
			isa = PBXGroup;
			children = (
				BA92C7BF26B9539B001908BF /* Utils.swift */,
				BA7AB26B26BFFEF000ABB823 /* APIRequest.swift */,
				BABF588426B29F4700889C12 /* Major.swift */,
				BABF588626B29F5F00889C12 /* Extensions.swift */,
			);
			path = Extensions;
			sourceTree = "<group>";
		};
		BABF588126B296CA00889C12 /* ViewControllers */ = {
			isa = PBXGroup;
			children = (
				BAF2ED4326B28D63009EE656 /* MajorSelectViewController.swift */,
				BAFD38FB26B7DBCF007DBBF6 /* KeywordViewController.swift */,
			);
			path = ViewControllers;
			sourceTree = "<group>";
		};
		BABF588226B296E400889C12 /* Assets */ = {
			isa = PBXGroup;
			children = (
				BAF2ED4826B28D64009EE656 /* Assets.xcassets */,
			);
			path = Assets;
			sourceTree = "<group>";
		};
		BABF588326B296EA00889C12 /* Storyboards */ = {
			isa = PBXGroup;
			children = (
				BAF2ED4526B28D63009EE656 /* Main.storyboard */,
				BAF2ED4A26B28D64009EE656 /* LaunchScreen.storyboard */,
			);
			path = Storyboards;
			sourceTree = "<group>";
		};
		BAF2ED3326B28D63009EE656 = {
			isa = PBXGroup;
			children = (
				BAF2ED3E26B28D63009EE656 /* INU_Notification */,
				BAF2ED3D26B28D63009EE656 /* Products */,
				3712D3A58EC0D072014D3CFD /* Pods */,
				672D8F38CD8F4DD2E61AB196 /* Frameworks */,
			);
			sourceTree = "<group>";
		};
		BAF2ED3D26B28D63009EE656 /* Products */ = {
			isa = PBXGroup;
			children = (
				BAF2ED3C26B28D63009EE656 /* INU_Notification.app */,
			);
			name = Products;
			sourceTree = "<group>";
		};
		BAF2ED3E26B28D63009EE656 /* INU_Notification */ = {
			isa = PBXGroup;
			children = (
				BABF587F26B296B300889C12 /* Resource */,
				BABF587E26B296AA00889C12 /* Source */,
				BAF2ED5326B28D6B009EE656 /* INU_Notification.entitlements */,
				BABF587C26B28EA500889C12 /* GoogleService-Info.plist */,
				BAF2ED4D26B28D64009EE656 /* Info.plist */,
			);
			path = INU_Notification;
			sourceTree = "<group>";
		};
/* End PBXGroup section */

/* Begin PBXNativeTarget section */
		BAF2ED3B26B28D63009EE656 /* INU_Notification */ = {
			isa = PBXNativeTarget;
			buildConfigurationList = BAF2ED5026B28D64009EE656 /* Build configuration list for PBXNativeTarget "INU_Notification" */;
			buildPhases = (
				354417CE2B30A6367E81EB08 /* [CP] Check Pods Manifest.lock */,
				BAF2ED3826B28D63009EE656 /* Sources */,
				BAF2ED3926B28D63009EE656 /* Frameworks */,
				BAF2ED3A26B28D63009EE656 /* Resources */,
				B68D080B050413FA08E1DDA0 /* [CP] Embed Pods Frameworks */,
			);
			buildRules = (
			);
			dependencies = (
			);
			name = INU_Notification;
			productName = INU_Notification;
			productReference = BAF2ED3C26B28D63009EE656 /* INU_Notification.app */;
			productType = "com.apple.product-type.application";
		};
/* End PBXNativeTarget section */

/* Begin PBXProject section */
		BAF2ED3426B28D63009EE656 /* Project object */ = {
			isa = PBXProject;
			attributes = {
				LastSwiftUpdateCheck = 1250;
				LastUpgradeCheck = 1250;
				TargetAttributes = {
					BAF2ED3B26B28D63009EE656 = {
						CreatedOnToolsVersion = 12.5.1;
					};
				};
			};
			buildConfigurationList = BAF2ED3726B28D63009EE656 /* Build configuration list for PBXProject "INU_Notification" */;
			compatibilityVersion = "Xcode 9.3";
			developmentRegion = en;
			hasScannedForEncodings = 0;
			knownRegions = (
				en,
				Base,
			);
			mainGroup = BAF2ED3326B28D63009EE656;
			productRefGroup = BAF2ED3D26B28D63009EE656 /* Products */;
			projectDirPath = "";
			projectRoot = "";
			targets = (
				BAF2ED3B26B28D63009EE656 /* INU_Notification */,
			);
		};
/* End PBXProject section */

/* Begin PBXResourcesBuildPhase section */
		BAF2ED3A26B28D63009EE656 /* Resources */ = {
			isa = PBXResourcesBuildPhase;
			buildActionMask = 2147483647;
			files = (
				BAF2ED4C26B28D64009EE656 /* LaunchScreen.storyboard in Resources */,
				BABF587D26B28EA500889C12 /* GoogleService-Info.plist in Resources */,
				BAF2ED4926B28D64009EE656 /* Assets.xcassets in Resources */,
				BAF2ED4726B28D63009EE656 /* Main.storyboard in Resources */,
			);
			runOnlyForDeploymentPostprocessing = 0;
		};
/* End PBXResourcesBuildPhase section */

/* Begin PBXShellScriptBuildPhase section */
		354417CE2B30A6367E81EB08 /* [CP] Check Pods Manifest.lock */ = {
			isa = PBXShellScriptBuildPhase;
			buildActionMask = 2147483647;
			files = (
			);
			inputFileListPaths = (
			);
			inputPaths = (
				"${PODS_PODFILE_DIR_PATH}/Podfile.lock",
				"${PODS_ROOT}/Manifest.lock",
			);
			name = "[CP] Check Pods Manifest.lock";
			outputFileListPaths = (
			);
			outputPaths = (
				"$(DERIVED_FILE_DIR)/Pods-INU_Notification-checkManifestLockResult.txt",
			);
			runOnlyForDeploymentPostprocessing = 0;
			shellPath = /bin/sh;
			shellScript = "diff \"${PODS_PODFILE_DIR_PATH}/Podfile.lock\" \"${PODS_ROOT}/Manifest.lock\" > /dev/null\nif [ $? != 0 ] ; then\n    # print error to STDERR\n    echo \"error: The sandbox is not in sync with the Podfile.lock. Run 'pod install' or update your CocoaPods installation.\" >&2\n    exit 1\nfi\n# This output is used by Xcode 'outputs' to avoid re-running this script phase.\necho \"SUCCESS\" > \"${SCRIPT_OUTPUT_FILE_0}\"\n";
			showEnvVarsInLog = 0;
		};
		B68D080B050413FA08E1DDA0 /* [CP] Embed Pods Frameworks */ = {
			isa = PBXShellScriptBuildPhase;
			buildActionMask = 2147483647;
			files = (
			);
			inputFileListPaths = (
				"${PODS_ROOT}/Target Support Files/Pods-INU_Notification/Pods-INU_Notification-frameworks-${CONFIGURATION}-input-files.xcfilelist",
			);
			name = "[CP] Embed Pods Frameworks";
			outputFileListPaths = (
				"${PODS_ROOT}/Target Support Files/Pods-INU_Notification/Pods-INU_Notification-frameworks-${CONFIGURATION}-output-files.xcfilelist",
			);
			runOnlyForDeploymentPostprocessing = 0;
			shellPath = /bin/sh;
			shellScript = "\"${PODS_ROOT}/Target Support Files/Pods-INU_Notification/Pods-INU_Notification-frameworks.sh\"\n";
			showEnvVarsInLog = 0;
		};
/* End PBXShellScriptBuildPhase section */

/* Begin PBXSourcesBuildPhase section */
		BAF2ED3826B28D63009EE656 /* Sources */ = {
			isa = PBXSourcesBuildPhase;
			buildActionMask = 2147483647;
			files = (
				BAFD38FC26B7DBCF007DBBF6 /* KeywordViewController.swift in Sources */,
				BABF588726B29F5F00889C12 /* Extensions.swift in Sources */,
				BAF2ED4426B28D63009EE656 /* MajorSelectViewController.swift in Sources */,
				BAF2ED4026B28D63009EE656 /* AppDelegate.swift in Sources */,
				BAF2ED4226B28D63009EE656 /* SceneDelegate.swift in Sources */,
				BABF588526B29F4700889C12 /* Major.swift in Sources */,
				BA7AB26C26BFFEF000ABB823 /* APIRequest.swift in Sources */,
				BA92C7C026B9539B001908BF /* Utils.swift in Sources */,
			);
			runOnlyForDeploymentPostprocessing = 0;
		};
/* End PBXSourcesBuildPhase section */

/* Begin PBXVariantGroup section */
		BAF2ED4526B28D63009EE656 /* Main.storyboard */ = {
			isa = PBXVariantGroup;
			children = (
				BAF2ED4626B28D63009EE656 /* Base */,
			);
			name = Main.storyboard;
			sourceTree = "<group>";
		};
		BAF2ED4A26B28D64009EE656 /* LaunchScreen.storyboard */ = {
			isa = PBXVariantGroup;
			children = (
				BAF2ED4B26B28D64009EE656 /* Base */,
			);
			name = LaunchScreen.storyboard;
			sourceTree = "<group>";
		};
/* End PBXVariantGroup section */

/* Begin XCBuildConfiguration section */
		BAF2ED4E26B28D64009EE656 /* Debug */ = {
			isa = XCBuildConfiguration;
			buildSettings = {
				ALWAYS_SEARCH_USER_PATHS = NO;
				CLANG_ANALYZER_NONNULL = YES;
				CLANG_ANALYZER_NUMBER_OBJECT_CONVERSION = YES_AGGRESSIVE;
				CLANG_CXX_LANGUAGE_STANDARD = "gnu++14";
				CLANG_CXX_LIBRARY = "libc++";
				CLANG_ENABLE_MODULES = YES;
				CLANG_ENABLE_OBJC_ARC = YES;
				CLANG_ENABLE_OBJC_WEAK = YES;
				CLANG_WARN_BLOCK_CAPTURE_AUTORELEASING = YES;
				CLANG_WARN_BOOL_CONVERSION = YES;
				CLANG_WARN_COMMA = YES;
				CLANG_WARN_CONSTANT_CONVERSION = YES;
				CLANG_WARN_DEPRECATED_OBJC_IMPLEMENTATIONS = YES;
				CLANG_WARN_DIRECT_OBJC_ISA_USAGE = YES_ERROR;
				CLANG_WARN_DOCUMENTATION_COMMENTS = YES;
				CLANG_WARN_EMPTY_BODY = YES;
				CLANG_WARN_ENUM_CONVERSION = YES;
				CLANG_WARN_INFINITE_RECURSION = YES;
				CLANG_WARN_INT_CONVERSION = YES;
				CLANG_WARN_NON_LITERAL_NULL_CONVERSION = YES;
				CLANG_WARN_OBJC_IMPLICIT_RETAIN_SELF = YES;
				CLANG_WARN_OBJC_LITERAL_CONVERSION = YES;
				CLANG_WARN_OBJC_ROOT_CLASS = YES_ERROR;
				CLANG_WARN_QUOTED_INCLUDE_IN_FRAMEWORK_HEADER = YES;
				CLANG_WARN_RANGE_LOOP_ANALYSIS = YES;
				CLANG_WARN_STRICT_PROTOTYPES = YES;
				CLANG_WARN_SUSPICIOUS_MOVE = YES;
				CLANG_WARN_UNGUARDED_AVAILABILITY = YES_AGGRESSIVE;
				CLANG_WARN_UNREACHABLE_CODE = YES;
				CLANG_WARN__DUPLICATE_METHOD_MATCH = YES;
				COPY_PHASE_STRIP = NO;
				DEBUG_INFORMATION_FORMAT = dwarf;
				ENABLE_STRICT_OBJC_MSGSEND = YES;
				ENABLE_TESTABILITY = YES;
				GCC_C_LANGUAGE_STANDARD = gnu11;
				GCC_DYNAMIC_NO_PIC = NO;
				GCC_NO_COMMON_BLOCKS = YES;
				GCC_OPTIMIZATION_LEVEL = 0;
				GCC_PREPROCESSOR_DEFINITIONS = (
					"DEBUG=1",
					"$(inherited)",
				);
				GCC_WARN_64_TO_32_BIT_CONVERSION = YES;
				GCC_WARN_ABOUT_RETURN_TYPE = YES_ERROR;
				GCC_WARN_UNDECLARED_SELECTOR = YES;
				GCC_WARN_UNINITIALIZED_AUTOS = YES_AGGRESSIVE;
				GCC_WARN_UNUSED_FUNCTION = YES;
				GCC_WARN_UNUSED_VARIABLE = YES;
				IPHONEOS_DEPLOYMENT_TARGET = 14.5;
				MTL_ENABLE_DEBUG_INFO = INCLUDE_SOURCE;
				MTL_FAST_MATH = YES;
				ONLY_ACTIVE_ARCH = YES;
				SDKROOT = iphoneos;
				SWIFT_ACTIVE_COMPILATION_CONDITIONS = DEBUG;
				SWIFT_OPTIMIZATION_LEVEL = "-Onone";
			};
			name = Debug;
		};
		BAF2ED4F26B28D64009EE656 /* Release */ = {
			isa = XCBuildConfiguration;
			buildSettings = {
				ALWAYS_SEARCH_USER_PATHS = NO;
				CLANG_ANALYZER_NONNULL = YES;
				CLANG_ANALYZER_NUMBER_OBJECT_CONVERSION = YES_AGGRESSIVE;
				CLANG_CXX_LANGUAGE_STANDARD = "gnu++14";
				CLANG_CXX_LIBRARY = "libc++";
				CLANG_ENABLE_MODULES = YES;
				CLANG_ENABLE_OBJC_ARC = YES;
				CLANG_ENABLE_OBJC_WEAK = YES;
				CLANG_WARN_BLOCK_CAPTURE_AUTORELEASING = YES;
				CLANG_WARN_BOOL_CONVERSION = YES;
				CLANG_WARN_COMMA = YES;
				CLANG_WARN_CONSTANT_CONVERSION = YES;
				CLANG_WARN_DEPRECATED_OBJC_IMPLEMENTATIONS = YES;
				CLANG_WARN_DIRECT_OBJC_ISA_USAGE = YES_ERROR;
				CLANG_WARN_DOCUMENTATION_COMMENTS = YES;
				CLANG_WARN_EMPTY_BODY = YES;
				CLANG_WARN_ENUM_CONVERSION = YES;
				CLANG_WARN_INFINITE_RECURSION = YES;
				CLANG_WARN_INT_CONVERSION = YES;
				CLANG_WARN_NON_LITERAL_NULL_CONVERSION = YES;
				CLANG_WARN_OBJC_IMPLICIT_RETAIN_SELF = YES;
				CLANG_WARN_OBJC_LITERAL_CONVERSION = YES;
				CLANG_WARN_OBJC_ROOT_CLASS = YES_ERROR;
				CLANG_WARN_QUOTED_INCLUDE_IN_FRAMEWORK_HEADER = YES;
				CLANG_WARN_RANGE_LOOP_ANALYSIS = YES;
				CLANG_WARN_STRICT_PROTOTYPES = YES;
				CLANG_WARN_SUSPICIOUS_MOVE = YES;
				CLANG_WARN_UNGUARDED_AVAILABILITY = YES_AGGRESSIVE;
				CLANG_WARN_UNREACHABLE_CODE = YES;
				CLANG_WARN__DUPLICATE_METHOD_MATCH = YES;
				COPY_PHASE_STRIP = NO;
				DEBUG_INFORMATION_FORMAT = "dwarf-with-dsym";
				ENABLE_NS_ASSERTIONS = NO;
				ENABLE_STRICT_OBJC_MSGSEND = YES;
				GCC_C_LANGUAGE_STANDARD = gnu11;
				GCC_NO_COMMON_BLOCKS = YES;
				GCC_WARN_64_TO_32_BIT_CONVERSION = YES;
				GCC_WARN_ABOUT_RETURN_TYPE = YES_ERROR;
				GCC_WARN_UNDECLARED_SELECTOR = YES;
				GCC_WARN_UNINITIALIZED_AUTOS = YES_AGGRESSIVE;
				GCC_WARN_UNUSED_FUNCTION = YES;
				GCC_WARN_UNUSED_VARIABLE = YES;
				IPHONEOS_DEPLOYMENT_TARGET = 14.5;
				MTL_ENABLE_DEBUG_INFO = NO;
				MTL_FAST_MATH = YES;
				SDKROOT = iphoneos;
				SWIFT_COMPILATION_MODE = wholemodule;
				SWIFT_OPTIMIZATION_LEVEL = "-O";
				VALIDATE_PRODUCT = YES;
			};
			name = Release;
		};
		BAF2ED5126B28D64009EE656 /* Debug */ = {
			isa = XCBuildConfiguration;
			baseConfigurationReference = 090E095EBBD84AFF4A835089 /* Pods-INU_Notification.debug.xcconfig */;
			buildSettings = {
				ASSETCATALOG_COMPILER_APPICON_NAME = AppIcon;
				ASSETCATALOG_COMPILER_GLOBAL_ACCENT_COLOR_NAME = AccentColor;
				CODE_SIGN_ENTITLEMENTS = INU_Notification/INU_Notification.entitlements;
				CODE_SIGN_STYLE = Automatic;
				DEVELOPMENT_TEAM = AANGG4Q668;
				INFOPLIST_FILE = INU_Notification/Info.plist;
				LD_RUNPATH_SEARCH_PATHS = (
					"$(inherited)",
					"@executable_path/Frameworks",
				);
				PRODUCT_BUNDLE_IDENTIFIER = "com.appcenter.INU-Notification";
				PRODUCT_NAME = "$(TARGET_NAME)";
				SWIFT_VERSION = 5.0;
				TARGETED_DEVICE_FAMILY = "1,2";
			};
			name = Debug;
		};
		BAF2ED5226B28D64009EE656 /* Release */ = {
			isa = XCBuildConfiguration;
			baseConfigurationReference = D9C590B9F3180BC4C5CAACA1 /* Pods-INU_Notification.release.xcconfig */;
			buildSettings = {
				ASSETCATALOG_COMPILER_APPICON_NAME = AppIcon;
				ASSETCATALOG_COMPILER_GLOBAL_ACCENT_COLOR_NAME = AccentColor;
				CODE_SIGN_ENTITLEMENTS = INU_Notification/INU_Notification.entitlements;
				CODE_SIGN_STYLE = Automatic;
				DEVELOPMENT_TEAM = AANGG4Q668;
				INFOPLIST_FILE = INU_Notification/Info.plist;
				LD_RUNPATH_SEARCH_PATHS = (
					"$(inherited)",
					"@executable_path/Frameworks",
				);
				PRODUCT_BUNDLE_IDENTIFIER = "com.appcenter.INU-Notification";
				PRODUCT_NAME = "$(TARGET_NAME)";
				SWIFT_VERSION = 5.0;
				TARGETED_DEVICE_FAMILY = "1,2";
			};
			name = Release;
		};
/* End XCBuildConfiguration section */

/* Begin XCConfigurationList section */
		BAF2ED3726B28D63009EE656 /* Build configuration list for PBXProject "INU_Notification" */ = {
			isa = XCConfigurationList;
			buildConfigurations = (
				BAF2ED4E26B28D64009EE656 /* Debug */,
				BAF2ED4F26B28D64009EE656 /* Release */,
			);
			defaultConfigurationIsVisible = 0;
			defaultConfigurationName = Release;
		};
		BAF2ED5026B28D64009EE656 /* Build configuration list for PBXNativeTarget "INU_Notification" */ = {
			isa = XCConfigurationList;
			buildConfigurations = (
				BAF2ED5126B28D64009EE656 /* Debug */,
				BAF2ED5226B28D64009EE656 /* Release */,
			);
			defaultConfigurationIsVisible = 0;
			defaultConfigurationName = Release;
		};
/* End XCConfigurationList section */
	};
	rootObject = BAF2ED3426B28D63009EE656 /* Project object */;
}
